// !$*UTF8*$!
{
	archiveVersion = 1;
	classes = {
	};
	objectVersion = 50;
	objects = {

/* Begin PBXBuildFile section */
		55BC2CFA2538F69A00E7FA45 /* CollisionNode.swift in Sources */ = {isa = PBXBuildFile; fileRef = 55BC2CF92538F69A00E7FA45 /* CollisionNode.swift */; };
		55CF73DA252FAFB8006B78D9 /* AppDelegate.swift in Sources */ = {isa = PBXBuildFile; fileRef = 55CF73D9252FAFB8006B78D9 /* AppDelegate.swift */; };
		55CF73DC252FAFB8006B78D9 /* art.scnassets in Resources */ = {isa = PBXBuildFile; fileRef = 55CF73DB252FAFB8006B78D9 /* art.scnassets */; };
		55CF73DE252FAFB8006B78D9 /* GameViewController.swift in Sources */ = {isa = PBXBuildFile; fileRef = 55CF73DD252FAFB8006B78D9 /* GameViewController.swift */; };
		55CF73E1252FAFB8006B78D9 /* Main.storyboard in Resources */ = {isa = PBXBuildFile; fileRef = 55CF73DF252FAFB8006B78D9 /* Main.storyboard */; };
		55CF73E3252FAFB9006B78D9 /* Assets.xcassets in Resources */ = {isa = PBXBuildFile; fileRef = 55CF73E2252FAFB9006B78D9 /* Assets.xcassets */; };
		55CF73E6252FAFB9006B78D9 /* LaunchScreen.storyboard in Resources */ = {isa = PBXBuildFile; fileRef = 55CF73E4252FAFB9006B78D9 /* LaunchScreen.storyboard */; };
		55CF73EE253101DF006B78D9 /* LaneNode.swift in Sources */ = {isa = PBXBuildFile; fileRef = 55CF73ED253101DF006B78D9 /* LaneNode.swift */; };
		55CF73F0253105FE006B78D9 /* Utils.swift in Sources */ = {isa = PBXBuildFile; fileRef = 55CF73EF253105FE006B78D9 /* Utils.swift */; };
/* End PBXBuildFile section */

/* Begin PBXFileReference section */
		55BC2CF92538F69A00E7FA45 /* CollisionNode.swift */ = {isa = PBXFileReference; lastKnownFileType = sourcecode.swift; path = CollisionNode.swift; sourceTree = "<group>"; };
		55CF73D6252FAFB8006B78D9 /* Krazy Roads.app */ = {isa = PBXFileReference; explicitFileType = wrapper.application; includeInIndex = 0; path = "Krazy Roads.app"; sourceTree = BUILT_PRODUCTS_DIR; };
		55CF73D9252FAFB8006B78D9 /* AppDelegate.swift */ = {isa = PBXFileReference; lastKnownFileType = sourcecode.swift; path = AppDelegate.swift; sourceTree = "<group>"; };
		55CF73DB252FAFB8006B78D9 /* art.scnassets */ = {isa = PBXFileReference; lastKnownFileType = wrapper.scnassets; path = art.scnassets; sourceTree = "<group>"; };
		55CF73DD252FAFB8006B78D9 /* GameViewController.swift */ = {isa = PBXFileReference; lastKnownFileType = sourcecode.swift; path = GameViewController.swift; sourceTree = "<group>"; };
		55CF73E0252FAFB8006B78D9 /* Base */ = {isa = PBXFileReference; lastKnownFileType = file.storyboard; name = Base; path = Base.lproj/Main.storyboard; sourceTree = "<group>"; };
		55CF73E2252FAFB9006B78D9 /* Assets.xcassets */ = {isa = PBXFileReference; lastKnownFileType = folder.assetcatalog; path = Assets.xcassets; sourceTree = "<group>"; };
		55CF73E5252FAFB9006B78D9 /* Base */ = {isa = PBXFileReference; lastKnownFileType = file.storyboard; name = Base; path = Base.lproj/LaunchScreen.storyboard; sourceTree = "<group>"; };
		55CF73E7252FAFB9006B78D9 /* Info.plist */ = {isa = PBXFileReference; lastKnownFileType = text.plist.xml; path = Info.plist; sourceTree = "<group>"; };
		55CF73ED253101DF006B78D9 /* LaneNode.swift */ = {isa = PBXFileReference; lastKnownFileType = sourcecode.swift; path = LaneNode.swift; sourceTree = "<group>"; };
		55CF73EF253105FE006B78D9 /* Utils.swift */ = {isa = PBXFileReference; lastKnownFileType = sourcecode.swift; path = Utils.swift; sourceTree = "<group>"; };
/* End PBXFileReference section */

/* Begin PBXFrameworksBuildPhase section */
		55CF73D3252FAFB8006B78D9 /* Frameworks */ = {
			isa = PBXFrameworksBuildPhase;
			buildActionMask = 2147483647;
			files = (
			);
			runOnlyForDeploymentPostprocessing = 0;
		};
/* End PBXFrameworksBuildPhase section */

/* Begin PBXGroup section */
		55CF73CD252FAFB8006B78D9 = {
			isa = PBXGroup;
			children = (
				55CF73D8252FAFB8006B78D9 /* Krazy Roads */,
				55CF73D7252FAFB8006B78D9 /* Products */,
			);
			sourceTree = "<group>";
		};
		55CF73D7252FAFB8006B78D9 /* Products */ = {
			isa = PBXGroup;
			children = (
				55CF73D6252FAFB8006B78D9 /* Krazy Roads.app */,
			);
			name = Products;
			sourceTree = "<group>";
		};
		55CF73D8252FAFB8006B78D9 /* Krazy Roads */ = {
			isa = PBXGroup;
			children = (
				55CF73D9252FAFB8006B78D9 /* AppDelegate.swift */,
				55CF73DB252FAFB8006B78D9 /* art.scnassets */,
				55CF73DD252FAFB8006B78D9 /* GameViewController.swift */,
				55CF73DF252FAFB8006B78D9 /* Main.storyboard */,
				55CF73E2252FAFB9006B78D9 /* Assets.xcassets */,
				55CF73E4252FAFB9006B78D9 /* LaunchScreen.storyboard */,
				55CF73E7252FAFB9006B78D9 /* Info.plist */,
				55CF73ED253101DF006B78D9 /* LaneNode.swift */,
				55CF73EF253105FE006B78D9 /* Utils.swift */,
				55BC2CF92538F69A00E7FA45 /* CollisionNode.swift */,
			);
			path = "Krazy Roads";
			sourceTree = "<group>";
		};
/* End PBXGroup section */

/* Begin PBXNativeTarget section */
		55CF73D5252FAFB8006B78D9 /* Krazy Roads */ = {
			isa = PBXNativeTarget;
			buildConfigurationList = 55CF73EA252FAFB9006B78D9 /* Build configuration list for PBXNativeTarget "Krazy Roads" */;
			buildPhases = (
				55CF73D2252FAFB8006B78D9 /* Sources */,
				55CF73D3252FAFB8006B78D9 /* Frameworks */,
				55CF73D4252FAFB8006B78D9 /* Resources */,
			);
			buildRules = (
			);
			dependencies = (
			);
			name = "Krazy Roads";
			productName = "Krazy Roads";
			productReference = 55CF73D6252FAFB8006B78D9 /* Krazy Roads.app */;
			productType = "com.apple.product-type.application";
		};
/* End PBXNativeTarget section */

/* Begin PBXProject section */
		55CF73CE252FAFB8006B78D9 /* Project object */ = {
			isa = PBXProject;
			attributes = {
				LastSwiftUpdateCheck = 1130;
				LastUpgradeCheck = 1130;
				ORGANIZATIONNAME = "David Schlundt-Bodien";
				TargetAttributes = {
					55CF73D5252FAFB8006B78D9 = {
						CreatedOnToolsVersion = 11.3.1;
					};
				};
			};
			buildConfigurationList = 55CF73D1252FAFB8006B78D9 /* Build configuration list for PBXProject "Krazy Roads" */;
			compatibilityVersion = "Xcode 9.3";
			developmentRegion = en;
			hasScannedForEncodings = 0;
			knownRegions = (
				en,
				Base,
			);
			mainGroup = 55CF73CD252FAFB8006B78D9;
			productRefGroup = 55CF73D7252FAFB8006B78D9 /* Products */;
			projectDirPath = "";
			projectRoot = "";
			targets = (
				55CF73D5252FAFB8006B78D9 /* Krazy Roads */,
			);
		};
/* End PBXProject section */

/* Begin PBXResourcesBuildPhase section */
		55CF73D4252FAFB8006B78D9 /* Resources */ = {
			isa = PBXResourcesBuildPhase;
			buildActionMask = 2147483647;
			files = (
				55CF73DC252FAFB8006B78D9 /* art.scnassets in Resources */,
				55CF73E6252FAFB9006B78D9 /* LaunchScreen.storyboard in Resources */,
				55CF73E3252FAFB9006B78D9 /* Assets.xcassets in Resources */,
				55CF73E1252FAFB8006B78D9 /* Main.storyboard in Resources */,
			);
			runOnlyForDeploymentPostprocessing = 0;
		};
/* End PBXResourcesBuildPhase section */

/* Begin PBXSourcesBuildPhase section */
		55CF73D2252FAFB8006B78D9 /* Sources */ = {
			isa = PBXSourcesBuildPhase;
			buildActionMask = 2147483647;
			files = (
				55CF73EE253101DF006B78D9 /* LaneNode.swift in Sources */,
				55CF73DE252FAFB8006B78D9 /* GameViewController.swift in Sources */,
				55CF73DA252FAFB8006B78D9 /* AppDelegate.swift in Sources */,
				55BC2CFA2538F69A00E7FA45 /* CollisionNode.swift in Sources */,
				55CF73F0253105FE006B78D9 /* Utils.swift in Sources */,
			);
			runOnlyForDeploymentPostprocessing = 0;
		};
/* End PBXSourcesBuildPhase section */

/* Begin PBXVariantGroup section */
		55CF73DF252FAFB8006B78D9 /* Main.storyboard */ = {
			isa = PBXVariantGroup;
			children = (
				55CF73E0252FAFB8006B78D9 /* Base */,
			);
			name = Main.storyboard;
			sourceTree = "<group>";
		};
		55CF73E4252FAFB9006B78D9 /* LaunchScreen.storyboard */ = {
			isa = PBXVariantGroup;
			children = (
				55CF73E5252FAFB9006B78D9 /* Base */,
			);
			name = LaunchScreen.storyboard;
			sourceTree = "<group>";
		};
/* End PBXVariantGroup section */

/* Begin XCBuildConfiguration section */
		55CF73E8252FAFB9006B78D9 /* Debug */ = {
			isa = XCBuildConfiguration;
			buildSettings = {
				ALWAYS_SEARCH_USER_PATHS = NO;
				CLANG_ANALYZER_NONNULL = YES;
				CLANG_ANALYZER_NUMBER_OBJECT_CONVERSION = YES_AGGRESSIVE;
				CLANG_CXX_LANGUAGE_STANDARD = "gnu++14";
				CLANG_CXX_LIBRARY = "libc++";
				CLANG_ENABLE_MODULES = YES;
				CLANG_ENABLE_OBJC_ARC = YES;
				CLANG_ENABLE_OBJC_WEAK = YES;
				CLANG_WARN_BLOCK_CAPTURE_AUTORELEASING = YES;
				CLANG_WARN_BOOL_CONVERSION = YES;
				CLANG_WARN_COMMA = YES;
				CLANG_WARN_CONSTANT_CONVERSION = YES;
				CLANG_WARN_DEPRECATED_OBJC_IMPLEMENTATIONS = YES;
				CLANG_WARN_DIRECT_OBJC_ISA_USAGE = YES_ERROR;
				CLANG_WARN_DOCUMENTATION_COMMENTS = YES;
				CLANG_WARN_EMPTY_BODY = YES;
				CLANG_WARN_ENUM_CONVERSION = YES;
				CLANG_WARN_INFINITE_RECURSION = YES;
				CLANG_WARN_INT_CONVERSION = YES;
				CLANG_WARN_NON_LITERAL_NULL_CONVERSION = YES;
				CLANG_WARN_OBJC_IMPLICIT_RETAIN_SELF = YES;
				CLANG_WARN_OBJC_LITERAL_CONVERSION = YES;
				CLANG_WARN_OBJC_ROOT_CLASS = YES_ERROR;
				CLANG_WARN_RANGE_LOOP_ANALYSIS = YES;
				CLANG_WARN_STRICT_PROTOTYPES = YES;
				CLANG_WARN_SUSPICIOUS_MOVE = YES;
				CLANG_WARN_UNGUARDED_AVAILABILITY = YES_AGGRESSIVE;
				CLANG_WARN_UNREACHABLE_CODE = YES;
				CLANG_WARN__DUPLICATE_METHOD_MATCH = YES;
				COPY_PHASE_STRIP = NO;
				DEBUG_INFORMATION_FORMAT = dwarf;
				ENABLE_STRICT_OBJC_MSGSEND = YES;
				ENABLE_TESTABILITY = YES;
				GCC_C_LANGUAGE_STANDARD = gnu11;
				GCC_DYNAMIC_NO_PIC = NO;
				GCC_NO_COMMON_BLOCKS = YES;
				GCC_OPTIMIZATION_LEVEL = 0;
				GCC_PREPROCESSOR_DEFINITIONS = (
					"DEBUG=1",
					"$(inherited)",
				);
				GCC_WARN_64_TO_32_BIT_CONVERSION = YES;
				GCC_WARN_ABOUT_RETURN_TYPE = YES_ERROR;
				GCC_WARN_UNDECLARED_SELECTOR = YES;
				GCC_WARN_UNINITIALIZED_AUTOS = YES_AGGRESSIVE;
				GCC_WARN_UNUSED_FUNCTION = YES;
				GCC_WARN_UNUSED_VARIABLE = YES;
				IPHONEOS_DEPLOYMENT_TARGET = 13.2;
				MTL_ENABLE_DEBUG_INFO = INCLUDE_SOURCE;
				MTL_FAST_MATH = YES;
				ONLY_ACTIVE_ARCH = YES;
				SDKROOT = iphoneos;
				SWIFT_ACTIVE_COMPILATION_CONDITIONS = DEBUG;
				SWIFT_OPTIMIZATION_LEVEL = "-Onone";
			};
			name = Debug;
		};
		55CF73E9252FAFB9006B78D9 /* Release */ = {
			isa = XCBuildConfiguration;
			buildSettings = {
				ALWAYS_SEARCH_USER_PATHS = NO;
				CLANG_ANALYZER_NONNULL = YES;
				CLANG_ANALYZER_NUMBER_OBJECT_CONVERSION = YES_AGGRESSIVE;
				CLANG_CXX_LANGUAGE_STANDARD = "gnu++14";
				CLANG_CXX_LIBRARY = "libc++";
				CLANG_ENABLE_MODULES = YES;
				CLANG_ENABLE_OBJC_ARC = YES;
				CLANG_ENABLE_OBJC_WEAK = YES;
				CLANG_WARN_BLOCK_CAPTURE_AUTORELEASING = YES;
				CLANG_WARN_BOOL_CONVERSION = YES;
				CLANG_WARN_COMMA = YES;
				CLANG_WARN_CONSTANT_CONVERSION = YES;
				CLANG_WARN_DEPRECATED_OBJC_IMPLEMENTATIONS = YES;
				CLANG_WARN_DIRECT_OBJC_ISA_USAGE = YES_ERROR;
				CLANG_WARN_DOCUMENTATION_COMMENTS = YES;
				CLANG_WARN_EMPTY_BODY = YES;
				CLANG_WARN_ENUM_CONVERSION = YES;
				CLANG_WARN_INFINITE_RECURSION = YES;
				CLANG_WARN_INT_CONVERSION = YES;
				CLANG_WARN_NON_LITERAL_NULL_CONVERSION = YES;
				CLANG_WARN_OBJC_IMPLICIT_RETAIN_SELF = YES;
				CLANG_WARN_OBJC_LITERAL_CONVERSION = YES;
				CLANG_WARN_OBJC_ROOT_CLASS = YES_ERROR;
				CLANG_WARN_RANGE_LOOP_ANALYSIS = YES;
				CLANG_WARN_STRICT_PROTOTYPES = YES;
				CLANG_WARN_SUSPICIOUS_MOVE = YES;
				CLANG_WARN_UNGUARDED_AVAILABILITY = YES_AGGRESSIVE;
				CLANG_WARN_UNREACHABLE_CODE = YES;
				CLANG_WARN__DUPLICATE_METHOD_MATCH = YES;
				COPY_PHASE_STRIP = NO;
				DEBUG_INFORMATION_FORMAT = "dwarf-with-dsym";
				ENABLE_NS_ASSERTIONS = NO;
				ENABLE_STRICT_OBJC_MSGSEND = YES;
				GCC_C_LANGUAGE_STANDARD = gnu11;
				GCC_NO_COMMON_BLOCKS = YES;
				GCC_WARN_64_TO_32_BIT_CONVERSION = YES;
				GCC_WARN_ABOUT_RETURN_TYPE = YES_ERROR;
				GCC_WARN_UNDECLARED_SELECTOR = YES;
				GCC_WARN_UNINITIALIZED_AUTOS = YES_AGGRESSIVE;
				GCC_WARN_UNUSED_FUNCTION = YES;
				GCC_WARN_UNUSED_VARIABLE = YES;
				IPHONEOS_DEPLOYMENT_TARGET = 13.2;
				MTL_ENABLE_DEBUG_INFO = NO;
				MTL_FAST_MATH = YES;
				SDKROOT = iphoneos;
				SWIFT_COMPILATION_MODE = wholemodule;
				SWIFT_OPTIMIZATION_LEVEL = "-O";
				VALIDATE_PRODUCT = YES;
			};
			name = Release;
		};
		55CF73EB252FAFB9006B78D9 /* Debug */ = {
			isa = XCBuildConfiguration;
			buildSettings = {
				ASSETCATALOG_COMPILER_APPICON_NAME = AppIcon;
				CODE_SIGN_STYLE = Automatic;
				INFOPLIST_FILE = "Krazy Roads/Info.plist";
				LD_RUNPATH_SEARCH_PATHS = (
					"$(inherited)",
					"@executable_path/Frameworks",
				);
				OTHER_CODE_SIGN_FLAGS = "--deep";
				PRODUCT_BUNDLE_IDENTIFIER = "com.davidschlundtbodien.Krazy-Roads";
				PRODUCT_NAME = "$(TARGET_NAME)";
				SWIFT_VERSION = 5.0;
				TARGETED_DEVICE_FAMILY = "1,2";
			};
			name = Debug;
		};
		55CF73EC252FAFB9006B78D9 /* Release */ = {
			isa = XCBuildConfiguration;
			buildSettings = {
				ASSETCATALOG_COMPILER_APPICON_NAME = AppIcon;
				CODE_SIGN_STYLE = Automatic;
				INFOPLIST_FILE = "Krazy Roads/Info.plist";
				LD_RUNPATH_SEARCH_PATHS = (
					"$(inherited)",
					"@executable_path/Frameworks",
				);
				OTHER_CODE_SIGN_FLAGS = "--deep";
				PRODUCT_BUNDLE_IDENTIFIER = "com.davidschlundtbodien.Krazy-Roads";
				PRODUCT_NAME = "$(TARGET_NAME)";
				SWIFT_VERSION = 5.0;
				TARGETED_DEVICE_FAMILY = "1,2";
			};
			name = Release;
		};
/* End XCBuildConfiguration section */

/* Begin XCConfigurationList section */
		55CF73D1252FAFB8006B78D9 /* Build configuration list for PBXProject "Krazy Roads" */ = {
			isa = XCConfigurationList;
			buildConfigurations = (
				55CF73E8252FAFB9006B78D9 /* Debug */,
				55CF73E9252FAFB9006B78D9 /* Release */,
			);
			defaultConfigurationIsVisible = 0;
			defaultConfigurationName = Release;
		};
		55CF73EA252FAFB9006B78D9 /* Build configuration list for PBXNativeTarget "Krazy Roads" */ = {
			isa = XCConfigurationList;
			buildConfigurations = (
				55CF73EB252FAFB9006B78D9 /* Debug */,
				55CF73EC252FAFB9006B78D9 /* Release */,
			);
			defaultConfigurationIsVisible = 0;
			defaultConfigurationName = Release;
		};
/* End XCConfigurationList section */
	};
	rootObject = 55CF73CE252FAFB8006B78D9 /* Project object */;
}
